
Microsoft Visual Studio Solution File, Format Version 12.00
# Visual Studio Version 17
VisualStudioVersion = 17.6.33829.357
MinimumVisualStudioVersion = 10.0.40219.1
Project("{FAE04EC0-301F-11D3-BF4B-00C04F79EFBC}") = "GorselP2Ders6", "GorselP2Ders6\GorselP2Ders6.csproj", "{ACC98902-AFE0-4B15-BA3A-A43C661B00DF}"
EndProject
Global
	GlobalSection(SolutionConfigurationPlatforms) = preSolution
		Debug|Any CPU = Debug|Any CPU
		Release|Any CPU = Release|Any CPU
	EndGlobalSection
	GlobalSection(ProjectConfigurationPlatforms) = postSolution
		{ACC98902-AFE0-4B15-BA3A-A43C661B00DF}.Debug|Any CPU.ActiveCfg = Debug|Any CPU
		{ACC98902-AFE0-4B15-BA3A-A43C661B00DF}.Debug|Any CPU.Build.0 = Debug|Any CPU
		{ACC98902-AFE0-4B15-BA3A-A43C661B00DF}.Release|Any CPU.ActiveCfg = Release|Any CPU
		{ACC98902-AFE0-4B15-BA3A-A43C661B00DF}.Release|Any CPU.Build.0 = Release|Any CPU
	EndGlobalSection
	GlobalSection(SolutionProperties) = preSolution
		HideSolutionNode = FALSE
	EndGlobalSection
	GlobalSection(ExtensibilityGlobals) = postSolution
		SolutionGuid = {0F329812-737C-4352-AA71-1B0E94C592D3}
	EndGlobalSection
EndGlobal
